// !$*UTF8*$!
{
	archiveVersion = 1;
	classes = {
	};
	objectVersion = 50;
	objects = {

/* Begin PBXBuildFile section */
		C852BDCF26142054002059F5 /* UnsplashSearchPagedRequest.swift in Sources */ = {isa = PBXBuildFile; fileRef = C852BDCE26142054002059F5 /* UnsplashSearchPagedRequest.swift */; };
		C89A71F7260347F2003E188F /* AppDelegate.swift in Sources */ = {isa = PBXBuildFile; fileRef = C89A71F6260347F2003E188F /* AppDelegate.swift */; };
		C89A71F9260347F2003E188F /* SceneDelegate.swift in Sources */ = {isa = PBXBuildFile; fileRef = C89A71F8260347F2003E188F /* SceneDelegate.swift */; };
		C89A71FB260347F2003E188F /* ViewController.swift in Sources */ = {isa = PBXBuildFile; fileRef = C89A71FA260347F2003E188F /* ViewController.swift */; };
		C89A7200260347F6003E188F /* Assets.xcassets in Resources */ = {isa = PBXBuildFile; fileRef = C89A71FF260347F6003E188F /* Assets.xcassets */; };
		C89A7203260347F6003E188F /* LaunchScreen.storyboard in Resources */ = {isa = PBXBuildFile; fileRef = C89A7201260347F6003E188F /* LaunchScreen.storyboard */; };
		C89A720E260347F6003E188F /* UnsplashWallpapersTests.swift in Sources */ = {isa = PBXBuildFile; fileRef = C89A720D260347F6003E188F /* UnsplashWallpapersTests.swift */; };
		C89A7219260347F6003E188F /* UnsplashWallpapersUITests.swift in Sources */ = {isa = PBXBuildFile; fileRef = C89A7218260347F6003E188F /* UnsplashWallpapersUITests.swift */; };
		C89A72342603489C003E188F /* ImageCache.swift in Sources */ = {isa = PBXBuildFile; fileRef = C89A72312603489B003E188F /* ImageCache.swift */; };
		C89A72352603489C003E188F /* ImageLoader.swift in Sources */ = {isa = PBXBuildFile; fileRef = C89A72322603489C003E188F /* ImageLoader.swift */; };
		C89A72362603489C003E188F /* Observable.swift in Sources */ = {isa = PBXBuildFile; fileRef = C89A72332603489C003E188F /* Observable.swift */; };
		C89A723C260348BD003E188F /* AppCoordinator.swift in Sources */ = {isa = PBXBuildFile; fileRef = C89A723A260348BD003E188F /* AppCoordinator.swift */; };
		C89A723D260348BD003E188F /* Coordinator.swift in Sources */ = {isa = PBXBuildFile; fileRef = C89A723B260348BD003E188F /* Coordinator.swift */; };
		C89A7242260348EA003E188F /* MainCoordinator.swift in Sources */ = {isa = PBXBuildFile; fileRef = C89A7241260348EA003E188F /* MainCoordinator.swift */; };
		C89A724726034929003E188F /* PhotoListViewModel.swift in Sources */ = {isa = PBXBuildFile; fileRef = C89A724626034929003E188F /* PhotoListViewModel.swift */; };
		C89A724C26034943003E188F /* PhotoListViewController.swift in Sources */ = {isa = PBXBuildFile; fileRef = C89A724B26034943003E188F /* PhotoListViewController.swift */; };
		C89A72512603495E003E188F /* PhotoListCollectionViewCell.swift in Sources */ = {isa = PBXBuildFile; fileRef = C89A72502603495E003E188F /* PhotoListCollectionViewCell.swift */; };
		C89A725626034972003E188F /* PhotoListView.swift in Sources */ = {isa = PBXBuildFile; fileRef = C89A725526034972003E188F /* PhotoListView.swift */; };
		C89A726626034C2C003E188F /* Ancestry.swift in Sources */ = {isa = PBXBuildFile; fileRef = C89A726526034C2C003E188F /* Ancestry.swift */; };
		C89A726B26034C55003E188F /* Categories.swift in Sources */ = {isa = PBXBuildFile; fileRef = C89A726A26034C55003E188F /* Categories.swift */; };
		C89A727026034C6C003E188F /* Category.swift in Sources */ = {isa = PBXBuildFile; fileRef = C89A726F26034C6C003E188F /* Category.swift */; };
		C89A727526034C89003E188F /* Cover_photo.swift in Sources */ = {isa = PBXBuildFile; fileRef = C89A727426034C89003E188F /* Cover_photo.swift */; };
		C89A727A26034CA6003E188F /* Current_user_collections.swift in Sources */ = {isa = PBXBuildFile; fileRef = C89A727926034CA6003E188F /* Current_user_collections.swift */; };
		C89A727F26034CC5003E188F /* Exif.swift in Sources */ = {isa = PBXBuildFile; fileRef = C89A727E26034CC5003E188F /* Exif.swift */; };
		C89A728426034CE1003E188F /* Links.swift in Sources */ = {isa = PBXBuildFile; fileRef = C89A728326034CE1003E188F /* Links.swift */; };
		C89A728926034D03003E188F /* Location.swift in Sources */ = {isa = PBXBuildFile; fileRef = C89A728826034D03003E188F /* Location.swift */; };
		C89A728E26034D20003E188F /* Position.swift in Sources */ = {isa = PBXBuildFile; fileRef = C89A728D26034D20003E188F /* Position.swift */; };
		C89A729326034D38003E188F /* Profile_image.swift in Sources */ = {isa = PBXBuildFile; fileRef = C89A729226034D38003E188F /* Profile_image.swift */; };
		C89A729826034D52003E188F /* Response.swift in Sources */ = {isa = PBXBuildFile; fileRef = C89A729726034D52003E188F /* Response.swift */; };
		C89A729D26034D6C003E188F /* Results.swift in Sources */ = {isa = PBXBuildFile; fileRef = C89A729C26034D6C003E188F /* Results.swift */; };
		C89A72A226034D80003E188F /* SearchRespone.swift in Sources */ = {isa = PBXBuildFile; fileRef = C89A72A126034D80003E188F /* SearchRespone.swift */; };
		C89A72A726034D9D003E188F /* Source.swift in Sources */ = {isa = PBXBuildFile; fileRef = C89A72A626034D9D003E188F /* Source.swift */; };
		C89A72AC26034DB0003E188F /* Tags.swift in Sources */ = {isa = PBXBuildFile; fileRef = C89A72AB26034DB0003E188F /* Tags.swift */; };
		C89A72B126034DCD003E188F /* Type.swift in Sources */ = {isa = PBXBuildFile; fileRef = C89A72B026034DCD003E188F /* Type.swift */; };
		C89A72B626034DE0003E188F /* Urls.swift in Sources */ = {isa = PBXBuildFile; fileRef = C89A72B526034DE0003E188F /* Urls.swift */; };
		C89A72BB26034DF3003E188F /* User.swift in Sources */ = {isa = PBXBuildFile; fileRef = C89A72BA26034DF3003E188F /* User.swift */; };
		C89A72C226035204003E188F /* URLSessionDataTaskProtocol.swift in Sources */ = {isa = PBXBuildFile; fileRef = C89A72BF26035204003E188F /* URLSessionDataTaskProtocol.swift */; };
		C89A72C326035204003E188F /* NetworkManager.swift in Sources */ = {isa = PBXBuildFile; fileRef = C89A72C026035204003E188F /* NetworkManager.swift */; };
		C89A72C426035204003E188F /* NetworkManager+Mock.swift in Sources */ = {isa = PBXBuildFile; fileRef = C89A72C126035204003E188F /* NetworkManager+Mock.swift */; };
		C89A72C92603521E003E188F /* EndPoint.swift in Sources */ = {isa = PBXBuildFile; fileRef = C89A72C82603521E003E188F /* EndPoint.swift */; };
		C89A72CE260352FC003E188F /* StaticURL.swift in Sources */ = {isa = PBXBuildFile; fileRef = C89A72CD260352FC003E188F /* StaticURL.swift */; };
		C89A72D32603532E003E188F /* UnsplashService.swift in Sources */ = {isa = PBXBuildFile; fileRef = C89A72D22603532E003E188F /* UnsplashService.swift */; };
		C89D68EB263F95C100CA8617 /* AlbumsViewController.swift in Sources */ = {isa = PBXBuildFile; fileRef = C89D68EA263F95C100CA8617 /* AlbumsViewController.swift */; };
		C89D68F0263F95CE00CA8617 /* AlbumsView.swift in Sources */ = {isa = PBXBuildFile; fileRef = C89D68EF263F95CE00CA8617 /* AlbumsView.swift */; };
		C89D68F5263F95DB00CA8617 /* AlbumsViewModel.swift in Sources */ = {isa = PBXBuildFile; fileRef = C89D68F4263F95DB00CA8617 /* AlbumsViewModel.swift */; };
		C89D68FA263F967000CA8617 /* AlbumItem.swift in Sources */ = {isa = PBXBuildFile; fileRef = C89D68F9263F967000CA8617 /* AlbumItem.swift */; };
		C89D68FF263F977300CA8617 /* AlbumItemCell.swift in Sources */ = {isa = PBXBuildFile; fileRef = C89D68FE263F977300CA8617 /* AlbumItemCell.swift */; };
		C89D6904263F978A00CA8617 /* FeaturedAlbumItemCell.swift in Sources */ = {isa = PBXBuildFile; fileRef = C89D6903263F978A00CA8617 /* FeaturedAlbumItemCell.swift */; };
		C89D6909263F979A00CA8617 /* SharedAlbumItemCell.swift in Sources */ = {isa = PBXBuildFile; fileRef = C89D6908263F979A00CA8617 /* SharedAlbumItemCell.swift */; };
		C89D690E263F9CF900CA8617 /* UnsplashAlbumsRequest.swift in Sources */ = {isa = PBXBuildFile; fileRef = C89D690D263F9CF800CA8617 /* UnsplashAlbumsRequest.swift */; };
		C89D6913263FACD100CA8617 /* AlbumHeaderCollectionReusableView.swift in Sources */ = {isa = PBXBuildFile; fileRef = C89D6912263FACD100CA8617 /* AlbumHeaderCollectionReusableView.swift */; };
		C89D6923263FE64D00CA8617 /* AlbumDetailViewController.swift in Sources */ = {isa = PBXBuildFile; fileRef = C89D6922263FE64D00CA8617 /* AlbumDetailViewController.swift */; };
		C89D6928263FE65C00CA8617 /* AlbumDetailView.swift in Sources */ = {isa = PBXBuildFile; fileRef = C89D6927263FE65C00CA8617 /* AlbumDetailView.swift */; };
		C89D692D263FE66E00CA8617 /* AlbumDetailViewModel.swift in Sources */ = {isa = PBXBuildFile; fileRef = C89D692C263FE66E00CA8617 /* AlbumDetailViewModel.swift */; };
		C89D6932263FE7E500CA8617 /* AlbumPhotoItemCell.swift in Sources */ = {isa = PBXBuildFile; fileRef = C89D6931263FE7E500CA8617 /* AlbumPhotoItemCell.swift */; };
		C8A8FD2D263168A000C38FAF /* FavoriteViewController.swift in Sources */ = {isa = PBXBuildFile; fileRef = C8A8FD2C263168A000C38FAF /* FavoriteViewController.swift */; };
		C8A8FD32263168B200C38FAF /* FavoriteView.swift in Sources */ = {isa = PBXBuildFile; fileRef = C8A8FD31263168B200C38FAF /* FavoriteView.swift */; };
		C8A8FD3C2631694600C38FAF /* FavoriteViewModel.swift in Sources */ = {isa = PBXBuildFile; fileRef = C8A8FD3B2631694600C38FAF /* FavoriteViewModel.swift */; };
		C8A8FD412631695A00C38FAF /* Favorite.swift in Sources */ = {isa = PBXBuildFile; fileRef = C8A8FD402631695A00C38FAF /* Favorite.swift */; };
		C8A8FD4626316CF300C38FAF /* FavoriteTableViewCell.swift in Sources */ = {isa = PBXBuildFile; fileRef = C8A8FD4526316CF300C38FAF /* FavoriteTableViewCell.swift */; };
		C8A8FD4B263175C200C38FAF /* FavoriteManager.swift in Sources */ = {isa = PBXBuildFile; fileRef = C8A8FD4A263175C200C38FAF /* FavoriteManager.swift */; };
		C8A8FD582631777400C38FAF /* CodableUserDefault.swift in Sources */ = {isa = PBXBuildFile; fileRef = C8A8FD572631777400C38FAF /* CodableUserDefault.swift */; };
		C8AC4700263A50D500178411 /* UserCollectionRespone.swift in Sources */ = {isa = PBXBuildFile; fileRef = C8AC46FF263A50D500178411 /* UserCollectionRespone.swift */; };
		C8AC4705263A63BC00178411 /* UnsplashUserPhotoRequest.swift in Sources */ = {isa = PBXBuildFile; fileRef = C8AC4704263A63BC00178411 /* UnsplashUserPhotoRequest.swift */; };
		C8AC470A263A825400178411 /* PhotoExifView.swift in Sources */ = {isa = PBXBuildFile; fileRef = C8AC4709263A825400178411 /* PhotoExifView.swift */; };
		C8AC470F263A889A00178411 /* UnsplashPhotoInfo.swift in Sources */ = {isa = PBXBuildFile; fileRef = C8AC470E263A889A00178411 /* UnsplashPhotoInfo.swift */; };
		C8AC4714263A8B6500178411 /* PhotoExifViewController.swift in Sources */ = {isa = PBXBuildFile; fileRef = C8AC4713263A8B6500178411 /* PhotoExifViewController.swift */; };
		C8AC471A263AB08A00178411 /* PhotoExifViewModel.swift in Sources */ = {isa = PBXBuildFile; fileRef = C8AC4719263AB08A00178411 /* PhotoExifViewModel.swift */; };
		C8AE36C02638F1BC00AF57C4 /* UnsplashCollectionRequest.swift in Sources */ = {isa = PBXBuildFile; fileRef = C8AE36BF2638F1BC00AF57C4 /* UnsplashCollectionRequest.swift */; };
		C8AE36C52638F3D800AF57C4 /* CollectionResponse.swift in Sources */ = {isa = PBXBuildFile; fileRef = C8AE36C42638F3D800AF57C4 /* CollectionResponse.swift */; };
		C8AE36CA2639005400AF57C4 /* UnsplashUserListRequest.swift in Sources */ = {isa = PBXBuildFile; fileRef = C8AE36C92639005400AF57C4 /* UnsplashUserListRequest.swift */; };
		C8AE36CF2639019800AF57C4 /* UserProfileView.swift in Sources */ = {isa = PBXBuildFile; fileRef = C8AE36CE2639019800AF57C4 /* UserProfileView.swift */; };
		C8AE36D4263901AB00AF57C4 /* UserProfileViewModel.swift in Sources */ = {isa = PBXBuildFile; fileRef = C8AE36D3263901AB00AF57C4 /* UserProfileViewModel.swift */; };
		C8AE36D9263901CC00AF57C4 /* UserProfileViewController.swift in Sources */ = {isa = PBXBuildFile; fileRef = C8AE36D8263901CC00AF57C4 /* UserProfileViewController.swift */; };
		C8AE36EB26390C5300AF57C4 /* UserProfileHeaderView.swift in Sources */ = {isa = PBXBuildFile; fileRef = C8AE36EA26390C5300AF57C4 /* UserProfileHeaderView.swift */; };
		C8AE36F026390D9600AF57C4 /* UserProfileInfo.swift in Sources */ = {isa = PBXBuildFile; fileRef = C8AE36EF26390D9600AF57C4 /* UserProfileInfo.swift */; };
		C8AE36F52639107400AF57C4 /* ImageDownLoad.swift in Sources */ = {isa = PBXBuildFile; fileRef = C8AE36F42639107400AF57C4 /* ImageDownLoad.swift */; };
		C8AE36FA2639138100AF57C4 /* ImageCombineDownloader.swift in Sources */ = {isa = PBXBuildFile; fileRef = C8AE36F92639138100AF57C4 /* ImageCombineDownloader.swift */; };
		C8AE37062639690F00AF57C4 /* CollectionListView.swift in Sources */ = {isa = PBXBuildFile; fileRef = C8AE37052639690F00AF57C4 /* CollectionListView.swift */; };
		C8AE370B2639692C00AF57C4 /* CollectionListViewModel.swift in Sources */ = {isa = PBXBuildFile; fileRef = C8AE370A2639692C00AF57C4 /* CollectionListViewModel.swift */; };
		C8AE37102639693F00AF57C4 /* CollectionListViewController.swift in Sources */ = {isa = PBXBuildFile; fileRef = C8AE370F2639693F00AF57C4 /* CollectionListViewController.swift */; };
		C8BF2AAC263695ED00BE7C51 /* UnsplashTopicRequest.swift in Sources */ = {isa = PBXBuildFile; fileRef = C8BF2AAB263695ED00BE7C51 /* UnsplashTopicRequest.swift */; };
		C8BF2AB1263696FF00BE7C51 /* Topic.swift in Sources */ = {isa = PBXBuildFile; fileRef = C8BF2AB0263696FF00BE7C51 /* Topic.swift */; };
		C8BF2AB62636983900BE7C51 /* Owners.swift in Sources */ = {isa = PBXBuildFile; fileRef = C8BF2AB52636983900BE7C51 /* Owners.swift */; };
		C8BF2ABB2636994500BE7C51 /* Current_user_contributions.swift in Sources */ = {isa = PBXBuildFile; fileRef = C8BF2ABA2636994500BE7C51 /* Current_user_contributions.swift */; };
		C8BF2AC82636998400BE7C51 /* Total_current_user_submissions.swift in Sources */ = {isa = PBXBuildFile; fileRef = C8BF2AC72636998400BE7C51 /* Total_current_user_submissions.swift */; };
		C8BF2ACD263699EE00BE7C51 /* Preview_Photos.swift in Sources */ = {isa = PBXBuildFile; fileRef = C8BF2ACC263699EE00BE7C51 /* Preview_Photos.swift */; };
		C8BF2AD52636B42C00BE7C51 /* SearchViewModel.swift in Sources */ = {isa = PBXBuildFile; fileRef = C8BF2AD42636B42C00BE7C51 /* SearchViewModel.swift */; };
		C8BF2ADD2636B6E700BE7C51 /* SearchView.swift in Sources */ = {isa = PBXBuildFile; fileRef = C8BF2ADC2636B6E700BE7C51 /* SearchView.swift */; };
		C8C91EBF260884F1001EAA59 /* Cursor.swift in Sources */ = {isa = PBXBuildFile; fileRef = C8C91EBE260884F1001EAA59 /* Cursor.swift */; };
		C8C91EC426088536001EAA59 /* UnsplashPageRequest.swift in Sources */ = {isa = PBXBuildFile; fileRef = C8C91EC326088536001EAA59 /* UnsplashPageRequest.swift */; };
		C8C91EC926088F2C001EAA59 /* SearchViewController.swift in Sources */ = {isa = PBXBuildFile; fileRef = C8C91EC826088F2C001EAA59 /* SearchViewController.swift */; };
		C8C91ECE26089543001EAA59 /* DetailView.swift in Sources */ = {isa = PBXBuildFile; fileRef = C8C91ECD26089543001EAA59 /* DetailView.swift */; };
		C8C91ED32608959A001EAA59 /* DetailViewModel.swift in Sources */ = {isa = PBXBuildFile; fileRef = C8C91ED22608959A001EAA59 /* DetailViewModel.swift */; };
		C8C91ED8260895B0001EAA59 /* DetailViewController.swift in Sources */ = {isa = PBXBuildFile; fileRef = C8C91ED7260895B0001EAA59 /* DetailViewController.swift */; };
		C8CA07BE26450A4E000FEB03 /* NetworkConnectivityManager.swift in Sources */ = {isa = PBXBuildFile; fileRef = C8CA07BD26450A4E000FEB03 /* NetworkConnectivityManager.swift */; };
		C8D14B3C26423385000755BE /* ImageLoadOperation.swift in Sources */ = {isa = PBXBuildFile; fileRef = C8D14B3B26423385000755BE /* ImageLoadOperation.swift */; };
		C8D688EF2637A773008F8B4D /* PhotoInfo.swift in Sources */ = {isa = PBXBuildFile; fileRef = C8D688EE2637A772008F8B4D /* PhotoInfo.swift */; };
		C8D689172637BC1D008F8B4D /* SearchResultsTableView.swift in Sources */ = {isa = PBXBuildFile; fileRef = C8D689162637BC1D008F8B4D /* SearchResultsTableView.swift */; };
		C8D6891C2637BC2B008F8B4D /* SearchResultsTableViewCell.swift in Sources */ = {isa = PBXBuildFile; fileRef = C8D6891B2637BC2B008F8B4D /* SearchResultsTableViewCell.swift */; };
		C8D689212637BC3A008F8B4D /* SearchResultsViewModel.swift in Sources */ = {isa = PBXBuildFile; fileRef = C8D689202637BC3A008F8B4D /* SearchResultsViewModel.swift */; };
		C8D689362637BF72008F8B4D /* SearchResultsHeaderView.swift in Sources */ = {isa = PBXBuildFile; fileRef = C8D689352637BF72008F8B4D /* SearchResultsHeaderView.swift */; };
		C8D6893B2637E2E8008F8B4D /* SearchResults.swift in Sources */ = {isa = PBXBuildFile; fileRef = C8D6893A2637E2E7008F8B4D /* SearchResults.swift */; };
		C8D868802637F55F00FF672D /* UsersListCollectionViewCell.swift in Sources */ = {isa = PBXBuildFile; fileRef = C8D8687F2637F55F00FF672D /* UsersListCollectionViewCell.swift */; };
/* End PBXBuildFile section */

/* Begin PBXContainerItemProxy section */
		C89A720A260347F6003E188F /* PBXContainerItemProxy */ = {
			isa = PBXContainerItemProxy;
			containerPortal = C89A71EB260347F2003E188F /* Project object */;
			proxyType = 1;
			remoteGlobalIDString = C89A71F2260347F2003E188F;
			remoteInfo = UnsplashWallpapers;
		};
		C89A7215260347F6003E188F /* PBXContainerItemProxy */ = {
			isa = PBXContainerItemProxy;
			containerPortal = C89A71EB260347F2003E188F /* Project object */;
			proxyType = 1;
			remoteGlobalIDString = C89A71F2260347F2003E188F;
			remoteInfo = UnsplashWallpapers;
		};
/* End PBXContainerItemProxy section */

/* Begin PBXFileReference section */
		C852BDCE26142054002059F5 /* UnsplashSearchPagedRequest.swift */ = {isa = PBXFileReference; lastKnownFileType = sourcecode.swift; path = UnsplashSearchPagedRequest.swift; sourceTree = "<group>"; };
		C89A71F3260347F2003E188F /* UnsplashWallpapers.app */ = {isa = PBXFileReference; explicitFileType = wrapper.application; includeInIndex = 0; path = UnsplashWallpapers.app; sourceTree = BUILT_PRODUCTS_DIR; };
		C89A71F6260347F2003E188F /* AppDelegate.swift */ = {isa = PBXFileReference; lastKnownFileType = sourcecode.swift; path = AppDelegate.swift; sourceTree = "<group>"; };
		C89A71F8260347F2003E188F /* SceneDelegate.swift */ = {isa = PBXFileReference; lastKnownFileType = sourcecode.swift; path = SceneDelegate.swift; sourceTree = "<group>"; };
		C89A71FA260347F2003E188F /* ViewController.swift */ = {isa = PBXFileReference; lastKnownFileType = sourcecode.swift; path = ViewController.swift; sourceTree = "<group>"; };
		C89A71FF260347F6003E188F /* Assets.xcassets */ = {isa = PBXFileReference; lastKnownFileType = folder.assetcatalog; path = Assets.xcassets; sourceTree = "<group>"; };
		C89A7202260347F6003E188F /* Base */ = {isa = PBXFileReference; lastKnownFileType = file.storyboard; name = Base; path = Base.lproj/LaunchScreen.storyboard; sourceTree = "<group>"; };
		C89A7204260347F6003E188F /* Info.plist */ = {isa = PBXFileReference; lastKnownFileType = text.plist.xml; path = Info.plist; sourceTree = "<group>"; };
		C89A7209260347F6003E188F /* UnsplashWallpapersTests.xctest */ = {isa = PBXFileReference; explicitFileType = wrapper.cfbundle; includeInIndex = 0; path = UnsplashWallpapersTests.xctest; sourceTree = BUILT_PRODUCTS_DIR; };
		C89A720D260347F6003E188F /* UnsplashWallpapersTests.swift */ = {isa = PBXFileReference; lastKnownFileType = sourcecode.swift; path = UnsplashWallpapersTests.swift; sourceTree = "<group>"; };
		C89A720F260347F6003E188F /* Info.plist */ = {isa = PBXFileReference; lastKnownFileType = text.plist.xml; path = Info.plist; sourceTree = "<group>"; };
		C89A7214260347F6003E188F /* UnsplashWallpapersUITests.xctest */ = {isa = PBXFileReference; explicitFileType = wrapper.cfbundle; includeInIndex = 0; path = UnsplashWallpapersUITests.xctest; sourceTree = BUILT_PRODUCTS_DIR; };
		C89A7218260347F6003E188F /* UnsplashWallpapersUITests.swift */ = {isa = PBXFileReference; lastKnownFileType = sourcecode.swift; path = UnsplashWallpapersUITests.swift; sourceTree = "<group>"; };
		C89A721A260347F6003E188F /* Info.plist */ = {isa = PBXFileReference; lastKnownFileType = text.plist.xml; path = Info.plist; sourceTree = "<group>"; };
		C89A72312603489B003E188F /* ImageCache.swift */ = {isa = PBXFileReference; fileEncoding = 4; lastKnownFileType = sourcecode.swift; path = ImageCache.swift; sourceTree = "<group>"; };
		C89A72322603489C003E188F /* ImageLoader.swift */ = {isa = PBXFileReference; fileEncoding = 4; lastKnownFileType = sourcecode.swift; path = ImageLoader.swift; sourceTree = "<group>"; };
		C89A72332603489C003E188F /* Observable.swift */ = {isa = PBXFileReference; fileEncoding = 4; lastKnownFileType = sourcecode.swift; path = Observable.swift; sourceTree = "<group>"; };
		C89A723A260348BD003E188F /* AppCoordinator.swift */ = {isa = PBXFileReference; fileEncoding = 4; lastKnownFileType = sourcecode.swift; path = AppCoordinator.swift; sourceTree = "<group>"; };
		C89A723B260348BD003E188F /* Coordinator.swift */ = {isa = PBXFileReference; fileEncoding = 4; lastKnownFileType = sourcecode.swift; path = Coordinator.swift; sourceTree = "<group>"; };
		C89A7241260348EA003E188F /* MainCoordinator.swift */ = {isa = PBXFileReference; lastKnownFileType = sourcecode.swift; path = MainCoordinator.swift; sourceTree = "<group>"; };
		C89A724626034929003E188F /* PhotoListViewModel.swift */ = {isa = PBXFileReference; lastKnownFileType = sourcecode.swift; path = PhotoListViewModel.swift; sourceTree = "<group>"; };
		C89A724B26034943003E188F /* PhotoListViewController.swift */ = {isa = PBXFileReference; lastKnownFileType = sourcecode.swift; path = PhotoListViewController.swift; sourceTree = "<group>"; };
		C89A72502603495E003E188F /* PhotoListCollectionViewCell.swift */ = {isa = PBXFileReference; lastKnownFileType = sourcecode.swift; path = PhotoListCollectionViewCell.swift; sourceTree = "<group>"; };
		C89A725526034972003E188F /* PhotoListView.swift */ = {isa = PBXFileReference; lastKnownFileType = sourcecode.swift; path = PhotoListView.swift; sourceTree = "<group>"; };
		C89A726526034C2C003E188F /* Ancestry.swift */ = {isa = PBXFileReference; lastKnownFileType = sourcecode.swift; path = Ancestry.swift; sourceTree = "<group>"; };
		C89A726A26034C55003E188F /* Categories.swift */ = {isa = PBXFileReference; lastKnownFileType = sourcecode.swift; path = Categories.swift; sourceTree = "<group>"; };
		C89A726F26034C6C003E188F /* Category.swift */ = {isa = PBXFileReference; lastKnownFileType = sourcecode.swift; path = Category.swift; sourceTree = "<group>"; };
		C89A727426034C89003E188F /* Cover_photo.swift */ = {isa = PBXFileReference; lastKnownFileType = sourcecode.swift; path = Cover_photo.swift; sourceTree = "<group>"; };
		C89A727926034CA6003E188F /* Current_user_collections.swift */ = {isa = PBXFileReference; lastKnownFileType = sourcecode.swift; path = Current_user_collections.swift; sourceTree = "<group>"; };
		C89A727E26034CC5003E188F /* Exif.swift */ = {isa = PBXFileReference; lastKnownFileType = sourcecode.swift; path = Exif.swift; sourceTree = "<group>"; };
		C89A728326034CE1003E188F /* Links.swift */ = {isa = PBXFileReference; lastKnownFileType = sourcecode.swift; path = Links.swift; sourceTree = "<group>"; };
		C89A728826034D03003E188F /* Location.swift */ = {isa = PBXFileReference; lastKnownFileType = sourcecode.swift; path = Location.swift; sourceTree = "<group>"; };
		C89A728D26034D20003E188F /* Position.swift */ = {isa = PBXFileReference; lastKnownFileType = sourcecode.swift; path = Position.swift; sourceTree = "<group>"; };
		C89A729226034D38003E188F /* Profile_image.swift */ = {isa = PBXFileReference; lastKnownFileType = sourcecode.swift; path = Profile_image.swift; sourceTree = "<group>"; };
		C89A729726034D52003E188F /* Response.swift */ = {isa = PBXFileReference; lastKnownFileType = sourcecode.swift; path = Response.swift; sourceTree = "<group>"; };
		C89A729C26034D6C003E188F /* Results.swift */ = {isa = PBXFileReference; lastKnownFileType = sourcecode.swift; path = Results.swift; sourceTree = "<group>"; };
		C89A72A126034D80003E188F /* SearchRespone.swift */ = {isa = PBXFileReference; lastKnownFileType = sourcecode.swift; path = SearchRespone.swift; sourceTree = "<group>"; };
		C89A72A626034D9D003E188F /* Source.swift */ = {isa = PBXFileReference; lastKnownFileType = sourcecode.swift; path = Source.swift; sourceTree = "<group>"; };
		C89A72AB26034DB0003E188F /* Tags.swift */ = {isa = PBXFileReference; lastKnownFileType = sourcecode.swift; path = Tags.swift; sourceTree = "<group>"; };
		C89A72B026034DCD003E188F /* Type.swift */ = {isa = PBXFileReference; lastKnownFileType = sourcecode.swift; path = Type.swift; sourceTree = "<group>"; };
		C89A72B526034DE0003E188F /* Urls.swift */ = {isa = PBXFileReference; lastKnownFileType = sourcecode.swift; path = Urls.swift; sourceTree = "<group>"; };
		C89A72BA26034DF3003E188F /* User.swift */ = {isa = PBXFileReference; lastKnownFileType = sourcecode.swift; path = User.swift; sourceTree = "<group>"; };
		C89A72BF26035204003E188F /* URLSessionDataTaskProtocol.swift */ = {isa = PBXFileReference; fileEncoding = 4; lastKnownFileType = sourcecode.swift; path = URLSessionDataTaskProtocol.swift; sourceTree = "<group>"; };
		C89A72C026035204003E188F /* NetworkManager.swift */ = {isa = PBXFileReference; fileEncoding = 4; lastKnownFileType = sourcecode.swift; path = NetworkManager.swift; sourceTree = "<group>"; };
		C89A72C126035204003E188F /* NetworkManager+Mock.swift */ = {isa = PBXFileReference; fileEncoding = 4; lastKnownFileType = sourcecode.swift; path = "NetworkManager+Mock.swift"; sourceTree = "<group>"; };
		C89A72C82603521E003E188F /* EndPoint.swift */ = {isa = PBXFileReference; lastKnownFileType = sourcecode.swift; path = EndPoint.swift; sourceTree = "<group>"; };
		C89A72CD260352FC003E188F /* StaticURL.swift */ = {isa = PBXFileReference; lastKnownFileType = sourcecode.swift; path = StaticURL.swift; sourceTree = "<group>"; };
		C89A72D22603532E003E188F /* UnsplashService.swift */ = {isa = PBXFileReference; lastKnownFileType = sourcecode.swift; path = UnsplashService.swift; sourceTree = "<group>"; };
		C89D68EA263F95C100CA8617 /* AlbumsViewController.swift */ = {isa = PBXFileReference; lastKnownFileType = sourcecode.swift; path = AlbumsViewController.swift; sourceTree = "<group>"; };
		C89D68EF263F95CE00CA8617 /* AlbumsView.swift */ = {isa = PBXFileReference; lastKnownFileType = sourcecode.swift; path = AlbumsView.swift; sourceTree = "<group>"; };
		C89D68F4263F95DB00CA8617 /* AlbumsViewModel.swift */ = {isa = PBXFileReference; lastKnownFileType = sourcecode.swift; path = AlbumsViewModel.swift; sourceTree = "<group>"; };
		C89D68F9263F967000CA8617 /* AlbumItem.swift */ = {isa = PBXFileReference; lastKnownFileType = sourcecode.swift; path = AlbumItem.swift; sourceTree = "<group>"; };
		C89D68FE263F977300CA8617 /* AlbumItemCell.swift */ = {isa = PBXFileReference; lastKnownFileType = sourcecode.swift; path = AlbumItemCell.swift; sourceTree = "<group>"; };
		C89D6903263F978A00CA8617 /* FeaturedAlbumItemCell.swift */ = {isa = PBXFileReference; lastKnownFileType = sourcecode.swift; path = FeaturedAlbumItemCell.swift; sourceTree = "<group>"; };
		C89D6908263F979A00CA8617 /* SharedAlbumItemCell.swift */ = {isa = PBXFileReference; lastKnownFileType = sourcecode.swift; path = SharedAlbumItemCell.swift; sourceTree = "<group>"; };
		C89D690D263F9CF800CA8617 /* UnsplashAlbumsRequest.swift */ = {isa = PBXFileReference; lastKnownFileType = sourcecode.swift; path = UnsplashAlbumsRequest.swift; sourceTree = "<group>"; };
		C89D6912263FACD100CA8617 /* AlbumHeaderCollectionReusableView.swift */ = {isa = PBXFileReference; lastKnownFileType = sourcecode.swift; path = AlbumHeaderCollectionReusableView.swift; sourceTree = "<group>"; };
		C89D6922263FE64D00CA8617 /* AlbumDetailViewController.swift */ = {isa = PBXFileReference; lastKnownFileType = sourcecode.swift; path = AlbumDetailViewController.swift; sourceTree = "<group>"; };
		C89D6927263FE65C00CA8617 /* AlbumDetailView.swift */ = {isa = PBXFileReference; lastKnownFileType = sourcecode.swift; path = AlbumDetailView.swift; sourceTree = "<group>"; };
		C89D692C263FE66E00CA8617 /* AlbumDetailViewModel.swift */ = {isa = PBXFileReference; lastKnownFileType = sourcecode.swift; path = AlbumDetailViewModel.swift; sourceTree = "<group>"; };
		C89D6931263FE7E500CA8617 /* AlbumPhotoItemCell.swift */ = {isa = PBXFileReference; lastKnownFileType = sourcecode.swift; path = AlbumPhotoItemCell.swift; sourceTree = "<group>"; };
		C8A8FD2C263168A000C38FAF /* FavoriteViewController.swift */ = {isa = PBXFileReference; lastKnownFileType = sourcecode.swift; path = FavoriteViewController.swift; sourceTree = "<group>"; };
		C8A8FD31263168B200C38FAF /* FavoriteView.swift */ = {isa = PBXFileReference; lastKnownFileType = sourcecode.swift; path = FavoriteView.swift; sourceTree = "<group>"; };
		C8A8FD3B2631694600C38FAF /* FavoriteViewModel.swift */ = {isa = PBXFileReference; lastKnownFileType = sourcecode.swift; path = FavoriteViewModel.swift; sourceTree = "<group>"; };
		C8A8FD402631695A00C38FAF /* Favorite.swift */ = {isa = PBXFileReference; lastKnownFileType = sourcecode.swift; path = Favorite.swift; sourceTree = "<group>"; };
		C8A8FD4526316CF300C38FAF /* FavoriteTableViewCell.swift */ = {isa = PBXFileReference; lastKnownFileType = sourcecode.swift; path = FavoriteTableViewCell.swift; sourceTree = "<group>"; };
		C8A8FD4A263175C200C38FAF /* FavoriteManager.swift */ = {isa = PBXFileReference; lastKnownFileType = sourcecode.swift; path = FavoriteManager.swift; sourceTree = "<group>"; };
		C8A8FD572631777400C38FAF /* CodableUserDefault.swift */ = {isa = PBXFileReference; lastKnownFileType = sourcecode.swift; path = CodableUserDefault.swift; sourceTree = "<group>"; };
		C8AC46FF263A50D500178411 /* UserCollectionRespone.swift */ = {isa = PBXFileReference; lastKnownFileType = sourcecode.swift; path = UserCollectionRespone.swift; sourceTree = "<group>"; };
		C8AC4704263A63BC00178411 /* UnsplashUserPhotoRequest.swift */ = {isa = PBXFileReference; lastKnownFileType = sourcecode.swift; path = UnsplashUserPhotoRequest.swift; sourceTree = "<group>"; };
		C8AC4709263A825400178411 /* PhotoExifView.swift */ = {isa = PBXFileReference; lastKnownFileType = sourcecode.swift; path = PhotoExifView.swift; sourceTree = "<group>"; };
		C8AC470E263A889A00178411 /* UnsplashPhotoInfo.swift */ = {isa = PBXFileReference; lastKnownFileType = sourcecode.swift; path = UnsplashPhotoInfo.swift; sourceTree = "<group>"; };
		C8AC4713263A8B6500178411 /* PhotoExifViewController.swift */ = {isa = PBXFileReference; lastKnownFileType = sourcecode.swift; path = PhotoExifViewController.swift; sourceTree = "<group>"; };
		C8AC4719263AB08A00178411 /* PhotoExifViewModel.swift */ = {isa = PBXFileReference; lastKnownFileType = sourcecode.swift; path = PhotoExifViewModel.swift; sourceTree = "<group>"; };
		C8AE36BF2638F1BC00AF57C4 /* UnsplashCollectionRequest.swift */ = {isa = PBXFileReference; lastKnownFileType = sourcecode.swift; path = UnsplashCollectionRequest.swift; sourceTree = "<group>"; };
		C8AE36C42638F3D800AF57C4 /* CollectionResponse.swift */ = {isa = PBXFileReference; lastKnownFileType = sourcecode.swift; path = CollectionResponse.swift; sourceTree = "<group>"; };
		C8AE36C92639005400AF57C4 /* UnsplashUserListRequest.swift */ = {isa = PBXFileReference; lastKnownFileType = sourcecode.swift; path = UnsplashUserListRequest.swift; sourceTree = "<group>"; };
		C8AE36CE2639019800AF57C4 /* UserProfileView.swift */ = {isa = PBXFileReference; lastKnownFileType = sourcecode.swift; path = UserProfileView.swift; sourceTree = "<group>"; };
		C8AE36D3263901AB00AF57C4 /* UserProfileViewModel.swift */ = {isa = PBXFileReference; lastKnownFileType = sourcecode.swift; path = UserProfileViewModel.swift; sourceTree = "<group>"; };
		C8AE36D8263901CC00AF57C4 /* UserProfileViewController.swift */ = {isa = PBXFileReference; lastKnownFileType = sourcecode.swift; path = UserProfileViewController.swift; sourceTree = "<group>"; };
		C8AE36EA26390C5300AF57C4 /* UserProfileHeaderView.swift */ = {isa = PBXFileReference; lastKnownFileType = sourcecode.swift; path = UserProfileHeaderView.swift; sourceTree = "<group>"; };
		C8AE36EF26390D9600AF57C4 /* UserProfileInfo.swift */ = {isa = PBXFileReference; lastKnownFileType = sourcecode.swift; path = UserProfileInfo.swift; sourceTree = "<group>"; };
		C8AE36F42639107400AF57C4 /* ImageDownLoad.swift */ = {isa = PBXFileReference; lastKnownFileType = sourcecode.swift; path = ImageDownLoad.swift; sourceTree = "<group>"; };
		C8AE36F92639138100AF57C4 /* ImageCombineDownloader.swift */ = {isa = PBXFileReference; lastKnownFileType = sourcecode.swift; path = ImageCombineDownloader.swift; sourceTree = "<group>"; };
		C8AE37052639690F00AF57C4 /* CollectionListView.swift */ = {isa = PBXFileReference; lastKnownFileType = sourcecode.swift; path = CollectionListView.swift; sourceTree = "<group>"; };
		C8AE370A2639692C00AF57C4 /* CollectionListViewModel.swift */ = {isa = PBXFileReference; lastKnownFileType = sourcecode.swift; path = CollectionListViewModel.swift; sourceTree = "<group>"; };
		C8AE370F2639693F00AF57C4 /* CollectionListViewController.swift */ = {isa = PBXFileReference; lastKnownFileType = sourcecode.swift; path = CollectionListViewController.swift; sourceTree = "<group>"; };
		C8BF2AAB263695ED00BE7C51 /* UnsplashTopicRequest.swift */ = {isa = PBXFileReference; lastKnownFileType = sourcecode.swift; path = UnsplashTopicRequest.swift; sourceTree = "<group>"; };
		C8BF2AB0263696FF00BE7C51 /* Topic.swift */ = {isa = PBXFileReference; lastKnownFileType = sourcecode.swift; path = Topic.swift; sourceTree = "<group>"; };
		C8BF2AB52636983900BE7C51 /* Owners.swift */ = {isa = PBXFileReference; lastKnownFileType = sourcecode.swift; path = Owners.swift; sourceTree = "<group>"; };
		C8BF2ABA2636994500BE7C51 /* Current_user_contributions.swift */ = {isa = PBXFileReference; lastKnownFileType = sourcecode.swift; path = Current_user_contributions.swift; sourceTree = "<group>"; };
		C8BF2AC72636998400BE7C51 /* Total_current_user_submissions.swift */ = {isa = PBXFileReference; lastKnownFileType = sourcecode.swift; path = Total_current_user_submissions.swift; sourceTree = "<group>"; };
		C8BF2ACC263699EE00BE7C51 /* Preview_Photos.swift */ = {isa = PBXFileReference; lastKnownFileType = sourcecode.swift; path = Preview_Photos.swift; sourceTree = "<group>"; };
		C8BF2AD42636B42C00BE7C51 /* SearchViewModel.swift */ = {isa = PBXFileReference; lastKnownFileType = sourcecode.swift; path = SearchViewModel.swift; sourceTree = "<group>"; };
		C8BF2ADC2636B6E700BE7C51 /* SearchView.swift */ = {isa = PBXFileReference; lastKnownFileType = sourcecode.swift; path = SearchView.swift; sourceTree = "<group>"; };
		C8C91EBE260884F1001EAA59 /* Cursor.swift */ = {isa = PBXFileReference; lastKnownFileType = sourcecode.swift; path = Cursor.swift; sourceTree = "<group>"; };
		C8C91EC326088536001EAA59 /* UnsplashPageRequest.swift */ = {isa = PBXFileReference; lastKnownFileType = sourcecode.swift; path = UnsplashPageRequest.swift; sourceTree = "<group>"; };
		C8C91EC826088F2C001EAA59 /* SearchViewController.swift */ = {isa = PBXFileReference; fileEncoding = 4; lastKnownFileType = sourcecode.swift; path = SearchViewController.swift; sourceTree = "<group>"; };
		C8C91ECD26089543001EAA59 /* DetailView.swift */ = {isa = PBXFileReference; lastKnownFileType = sourcecode.swift; path = DetailView.swift; sourceTree = "<group>"; };
		C8C91ED22608959A001EAA59 /* DetailViewModel.swift */ = {isa = PBXFileReference; lastKnownFileType = sourcecode.swift; path = DetailViewModel.swift; sourceTree = "<group>"; };
		C8C91ED7260895B0001EAA59 /* DetailViewController.swift */ = {isa = PBXFileReference; lastKnownFileType = sourcecode.swift; path = DetailViewController.swift; sourceTree = "<group>"; };
		C8CA07BD26450A4E000FEB03 /* NetworkConnectivityManager.swift */ = {isa = PBXFileReference; lastKnownFileType = sourcecode.swift; path = NetworkConnectivityManager.swift; sourceTree = "<group>"; };
		C8D14B3B26423385000755BE /* ImageLoadOperation.swift */ = {isa = PBXFileReference; lastKnownFileType = sourcecode.swift; path = ImageLoadOperation.swift; sourceTree = "<group>"; };
		C8D688EE2637A772008F8B4D /* PhotoInfo.swift */ = {isa = PBXFileReference; lastKnownFileType = sourcecode.swift; path = PhotoInfo.swift; sourceTree = "<group>"; };
		C8D689162637BC1D008F8B4D /* SearchResultsTableView.swift */ = {isa = PBXFileReference; fileEncoding = 4; lastKnownFileType = sourcecode.swift; path = SearchResultsTableView.swift; sourceTree = "<group>"; };
		C8D6891B2637BC2B008F8B4D /* SearchResultsTableViewCell.swift */ = {isa = PBXFileReference; fileEncoding = 4; lastKnownFileType = sourcecode.swift; path = SearchResultsTableViewCell.swift; sourceTree = "<group>"; };
		C8D689202637BC3A008F8B4D /* SearchResultsViewModel.swift */ = {isa = PBXFileReference; fileEncoding = 4; lastKnownFileType = sourcecode.swift; path = SearchResultsViewModel.swift; sourceTree = "<group>"; };
		C8D689352637BF72008F8B4D /* SearchResultsHeaderView.swift */ = {isa = PBXFileReference; lastKnownFileType = sourcecode.swift; path = SearchResultsHeaderView.swift; sourceTree = "<group>"; };
		C8D6893A2637E2E7008F8B4D /* SearchResults.swift */ = {isa = PBXFileReference; lastKnownFileType = sourcecode.swift; path = SearchResults.swift; sourceTree = "<group>"; };
		C8D8687F2637F55F00FF672D /* UsersListCollectionViewCell.swift */ = {isa = PBXFileReference; lastKnownFileType = sourcecode.swift; path = UsersListCollectionViewCell.swift; sourceTree = "<group>"; };
/* End PBXFileReference section */

/* Begin PBXFrameworksBuildPhase section */
		C89A71F0260347F2003E188F /* Frameworks */ = {
			isa = PBXFrameworksBuildPhase;
			buildActionMask = 2147483647;
			files = (
			);
			runOnlyForDeploymentPostprocessing = 0;
		};
		C89A7206260347F6003E188F /* Frameworks */ = {
			isa = PBXFrameworksBuildPhase;
			buildActionMask = 2147483647;
			files = (
			);
			runOnlyForDeploymentPostprocessing = 0;
		};
		C89A7211260347F6003E188F /* Frameworks */ = {
			isa = PBXFrameworksBuildPhase;
			buildActionMask = 2147483647;
			files = (
			);
			runOnlyForDeploymentPostprocessing = 0;
		};
/* End PBXFrameworksBuildPhase section */

/* Begin PBXGroup section */
		C89A71EA260347F2003E188F = {
			isa = PBXGroup;
			children = (
				C89A71F5260347F2003E188F /* UnsplashWallpapers */,
				C89A720C260347F6003E188F /* UnsplashWallpapersTests */,
				C89A7217260347F6003E188F /* UnsplashWallpapersUITests */,
				C89A71F4260347F2003E188F /* Products */,
			);
			sourceTree = "<group>";
		};
		C89A71F4260347F2003E188F /* Products */ = {
			isa = PBXGroup;
			children = (
				C89A71F3260347F2003E188F /* UnsplashWallpapers.app */,
				C89A7209260347F6003E188F /* UnsplashWallpapersTests.xctest */,
				C89A7214260347F6003E188F /* UnsplashWallpapersUITests.xctest */,
			);
			name = Products;
			sourceTree = "<group>";
		};
		C89A71F5260347F2003E188F /* UnsplashWallpapers */ = {
			isa = PBXGroup;
			children = (
				C89A722D26034855003E188F /* ViewController */,
				C89A723026034878003E188F /* Cell */,
				C89A722C26034850003E188F /* View */,
				C89A722B26034849003E188F /* ViewModel */,
				C89A722A26034840003E188F /* Model */,
				C89A722F26034875003E188F /* Service */,
				C89A72292603483B003E188F /* Coordinator */,
				C89A722E2603486C003E188F /* Share */,
				C89A71F6260347F2003E188F /* AppDelegate.swift */,
				C89A71F8260347F2003E188F /* SceneDelegate.swift */,
				C89A71FA260347F2003E188F /* ViewController.swift */,
				C89A71FF260347F6003E188F /* Assets.xcassets */,
				C89A7201260347F6003E188F /* LaunchScreen.storyboard */,
				C89A7204260347F6003E188F /* Info.plist */,
			);
			path = UnsplashWallpapers;
			sourceTree = "<group>";
		};
		C89A720C260347F6003E188F /* UnsplashWallpapersTests */ = {
			isa = PBXGroup;
			children = (
				C89A720D260347F6003E188F /* UnsplashWallpapersTests.swift */,
				C89A720F260347F6003E188F /* Info.plist */,
			);
			path = UnsplashWallpapersTests;
			sourceTree = "<group>";
		};
		C89A7217260347F6003E188F /* UnsplashWallpapersUITests */ = {
			isa = PBXGroup;
			children = (
				C89A7218260347F6003E188F /* UnsplashWallpapersUITests.swift */,
				C89A721A260347F6003E188F /* Info.plist */,
			);
			path = UnsplashWallpapersUITests;
			sourceTree = "<group>";
		};
		C89A72292603483B003E188F /* Coordinator */ = {
			isa = PBXGroup;
			children = (
				C89A723A260348BD003E188F /* AppCoordinator.swift */,
				C89A723B260348BD003E188F /* Coordinator.swift */,
				C89A7241260348EA003E188F /* MainCoordinator.swift */,
			);
			path = Coordinator;
			sourceTree = "<group>";
		};
		C89A722A26034840003E188F /* Model */ = {
			isa = PBXGroup;
			children = (
				C89A726526034C2C003E188F /* Ancestry.swift */,
				C89A726A26034C55003E188F /* Categories.swift */,
				C89A726F26034C6C003E188F /* Category.swift */,
				C89A727426034C89003E188F /* Cover_photo.swift */,
				C89A727926034CA6003E188F /* Current_user_collections.swift */,
				C89A727E26034CC5003E188F /* Exif.swift */,
				C89A728326034CE1003E188F /* Links.swift */,
				C89A728826034D03003E188F /* Location.swift */,
				C89A728D26034D20003E188F /* Position.swift */,
				C89A729226034D38003E188F /* Profile_image.swift */,
				C89A729726034D52003E188F /* Response.swift */,
				C89A729C26034D6C003E188F /* Results.swift */,
				C89A72A126034D80003E188F /* SearchRespone.swift */,
				C89A72A626034D9D003E188F /* Source.swift */,
				C89A72AB26034DB0003E188F /* Tags.swift */,
				C89A72B026034DCD003E188F /* Type.swift */,
				C89A72B526034DE0003E188F /* Urls.swift */,
				C89A72BA26034DF3003E188F /* User.swift */,
				C8C91EBE260884F1001EAA59 /* Cursor.swift */,
				C8A8FD402631695A00C38FAF /* Favorite.swift */,
				C8BF2AB0263696FF00BE7C51 /* Topic.swift */,
				C8BF2AB52636983900BE7C51 /* Owners.swift */,
				C8BF2ABA2636994500BE7C51 /* Current_user_contributions.swift */,
				C8BF2AC72636998400BE7C51 /* Total_current_user_submissions.swift */,
				C8BF2ACC263699EE00BE7C51 /* Preview_Photos.swift */,
				C8D688EE2637A772008F8B4D /* PhotoInfo.swift */,
				C8D6893A2637E2E7008F8B4D /* SearchResults.swift */,
				C8AE36C42638F3D800AF57C4 /* CollectionResponse.swift */,
				C8AE36EF26390D9600AF57C4 /* UserProfileInfo.swift */,
				C8AC46FF263A50D500178411 /* UserCollectionRespone.swift */,
				C8AC470E263A889A00178411 /* UnsplashPhotoInfo.swift */,
				C89D68F9263F967000CA8617 /* AlbumItem.swift */,
			);
			path = Model;
			sourceTree = "<group>";
		};
		C89A722B26034849003E188F /* ViewModel */ = {
			isa = PBXGroup;
			children = (
				C89A724626034929003E188F /* PhotoListViewModel.swift */,
				C8C91ED22608959A001EAA59 /* DetailViewModel.swift */,
				C8A8FD3B2631694600C38FAF /* FavoriteViewModel.swift */,
				C8BF2AD42636B42C00BE7C51 /* SearchViewModel.swift */,
				C8D689202637BC3A008F8B4D /* SearchResultsViewModel.swift */,
				C8A8FD4A263175C200C38FAF /* FavoriteManager.swift */,
				C8AE36D3263901AB00AF57C4 /* UserProfileViewModel.swift */,
				C8AE370A2639692C00AF57C4 /* CollectionListViewModel.swift */,
				C8AC4719263AB08A00178411 /* PhotoExifViewModel.swift */,
				C89D68F4263F95DB00CA8617 /* AlbumsViewModel.swift */,
				C89D692C263FE66E00CA8617 /* AlbumDetailViewModel.swift */,
			);
			path = ViewModel;
			sourceTree = "<group>";
		};
		C89A722C26034850003E188F /* View */ = {
			isa = PBXGroup;
			children = (
				C89A725526034972003E188F /* PhotoListView.swift */,
				C8C91ECD26089543001EAA59 /* DetailView.swift */,
				C8A8FD31263168B200C38FAF /* FavoriteView.swift */,
				C8BF2ADC2636B6E700BE7C51 /* SearchView.swift */,
				C8D689162637BC1D008F8B4D /* SearchResultsTableView.swift */,
				C8AE36CE2639019800AF57C4 /* UserProfileView.swift */,
				C8AE36EA26390C5300AF57C4 /* UserProfileHeaderView.swift */,
				C8AE37052639690F00AF57C4 /* CollectionListView.swift */,
				C8AC4709263A825400178411 /* PhotoExifView.swift */,
				C89D68EF263F95CE00CA8617 /* AlbumsView.swift */,
				C89D6927263FE65C00CA8617 /* AlbumDetailView.swift */,
			);
			path = View;
			sourceTree = "<group>";
		};
		C89A722D26034855003E188F /* ViewController */ = {
			isa = PBXGroup;
			children = (
				C89A724B26034943003E188F /* PhotoListViewController.swift */,
				C8C91EC826088F2C001EAA59 /* SearchViewController.swift */,
				C8C91ED7260895B0001EAA59 /* DetailViewController.swift */,
				C8A8FD2C263168A000C38FAF /* FavoriteViewController.swift */,
				C8AE36D8263901CC00AF57C4 /* UserProfileViewController.swift */,
				C8AE370F2639693F00AF57C4 /* CollectionListViewController.swift */,
				C8AC4713263A8B6500178411 /* PhotoExifViewController.swift */,
				C89D68EA263F95C100CA8617 /* AlbumsViewController.swift */,
				C89D6922263FE64D00CA8617 /* AlbumDetailViewController.swift */,
			);
			path = ViewController;
			sourceTree = "<group>";
		};
		C89A722E2603486C003E188F /* Share */ = {
			isa = PBXGroup;
			children = (
				C89A72312603489B003E188F /* ImageCache.swift */,
				C89A72322603489C003E188F /* ImageLoader.swift */,
				C89A72332603489C003E188F /* Observable.swift */,
				C89A72CD260352FC003E188F /* StaticURL.swift */,
				C8A8FD572631777400C38FAF /* CodableUserDefault.swift */,
				C8AE36F42639107400AF57C4 /* ImageDownLoad.swift */,
				C8AE36F92639138100AF57C4 /* ImageCombineDownloader.swift */,
				C8D14B3B26423385000755BE /* ImageLoadOperation.swift */,
				C8CA07BD26450A4E000FEB03 /* NetworkConnectivityManager.swift */,
			);
			path = Share;
			sourceTree = "<group>";
		};
		C89A722F26034875003E188F /* Service */ = {
			isa = PBXGroup;
			children = (
				C89A72C026035204003E188F /* NetworkManager.swift */,
				C89A72C126035204003E188F /* NetworkManager+Mock.swift */,
				C89A72BF26035204003E188F /* URLSessionDataTaskProtocol.swift */,
				C89A72C82603521E003E188F /* EndPoint.swift */,
				C89A72D22603532E003E188F /* UnsplashService.swift */,
				C8C91EC326088536001EAA59 /* UnsplashPageRequest.swift */,
				C852BDCE26142054002059F5 /* UnsplashSearchPagedRequest.swift */,
				C8BF2AAB263695ED00BE7C51 /* UnsplashTopicRequest.swift */,
				C8AE36BF2638F1BC00AF57C4 /* UnsplashCollectionRequest.swift */,
				C8AE36C92639005400AF57C4 /* UnsplashUserListRequest.swift */,
				C8AC4704263A63BC00178411 /* UnsplashUserPhotoRequest.swift */,
				C89D690D263F9CF800CA8617 /* UnsplashAlbumsRequest.swift */,
			);
			path = Service;
			sourceTree = "<group>";
		};
		C89A723026034878003E188F /* Cell */ = {
			isa = PBXGroup;
			children = (
				C89A72502603495E003E188F /* PhotoListCollectionViewCell.swift */,
				C8A8FD4526316CF300C38FAF /* FavoriteTableViewCell.swift */,
				C8D6891B2637BC2B008F8B4D /* SearchResultsTableViewCell.swift */,
				C8D689352637BF72008F8B4D /* SearchResultsHeaderView.swift */,
				C8D8687F2637F55F00FF672D /* UsersListCollectionViewCell.swift */,
				C89D68FE263F977300CA8617 /* AlbumItemCell.swift */,
				C89D6903263F978A00CA8617 /* FeaturedAlbumItemCell.swift */,
				C89D6908263F979A00CA8617 /* SharedAlbumItemCell.swift */,
				C89D6912263FACD100CA8617 /* AlbumHeaderCollectionReusableView.swift */,
				C89D6931263FE7E500CA8617 /* AlbumPhotoItemCell.swift */,
			);
			path = Cell;
			sourceTree = "<group>";
		};
/* End PBXGroup section */

/* Begin PBXNativeTarget section */
		C89A71F2260347F2003E188F /* UnsplashWallpapers */ = {
			isa = PBXNativeTarget;
			buildConfigurationList = C89A721D260347F6003E188F /* Build configuration list for PBXNativeTarget "UnsplashWallpapers" */;
			buildPhases = (
				C89A71EF260347F2003E188F /* Sources */,
				C89A71F0260347F2003E188F /* Frameworks */,
				C89A71F1260347F2003E188F /* Resources */,
			);
			buildRules = (
			);
			dependencies = (
			);
			name = UnsplashWallpapers;
			productName = UnsplashWallpapers;
			productReference = C89A71F3260347F2003E188F /* UnsplashWallpapers.app */;
			productType = "com.apple.product-type.application";
		};
		C89A7208260347F6003E188F /* UnsplashWallpapersTests */ = {
			isa = PBXNativeTarget;
			buildConfigurationList = C89A7220260347F6003E188F /* Build configuration list for PBXNativeTarget "UnsplashWallpapersTests" */;
			buildPhases = (
				C89A7205260347F6003E188F /* Sources */,
				C89A7206260347F6003E188F /* Frameworks */,
				C89A7207260347F6003E188F /* Resources */,
			);
			buildRules = (
			);
			dependencies = (
				C89A720B260347F6003E188F /* PBXTargetDependency */,
			);
			name = UnsplashWallpapersTests;
			productName = UnsplashWallpapersTests;
			productReference = C89A7209260347F6003E188F /* UnsplashWallpapersTests.xctest */;
			productType = "com.apple.product-type.bundle.unit-test";
		};
		C89A7213260347F6003E188F /* UnsplashWallpapersUITests */ = {
			isa = PBXNativeTarget;
			buildConfigurationList = C89A7223260347F6003E188F /* Build configuration list for PBXNativeTarget "UnsplashWallpapersUITests" */;
			buildPhases = (
				C89A7210260347F6003E188F /* Sources */,
				C89A7211260347F6003E188F /* Frameworks */,
				C89A7212260347F6003E188F /* Resources */,
			);
			buildRules = (
			);
			dependencies = (
				C89A7216260347F6003E188F /* PBXTargetDependency */,
			);
			name = UnsplashWallpapersUITests;
			productName = UnsplashWallpapersUITests;
			productReference = C89A7214260347F6003E188F /* UnsplashWallpapersUITests.xctest */;
			productType = "com.apple.product-type.bundle.ui-testing";
		};
/* End PBXNativeTarget section */

/* Begin PBXProject section */
		C89A71EB260347F2003E188F /* Project object */ = {
			isa = PBXProject;
			attributes = {
				LastSwiftUpdateCheck = 1240;
				LastUpgradeCheck = 1240;
				TargetAttributes = {
					C89A71F2260347F2003E188F = {
						CreatedOnToolsVersion = 12.4;
					};
					C89A7208260347F6003E188F = {
						CreatedOnToolsVersion = 12.4;
						TestTargetID = C89A71F2260347F2003E188F;
					};
					C89A7213260347F6003E188F = {
						CreatedOnToolsVersion = 12.4;
						TestTargetID = C89A71F2260347F2003E188F;
					};
				};
			};
			buildConfigurationList = C89A71EE260347F2003E188F /* Build configuration list for PBXProject "UnsplashWallpapers" */;
			compatibilityVersion = "Xcode 9.3";
			developmentRegion = en;
			hasScannedForEncodings = 0;
			knownRegions = (
				en,
				Base,
			);
			mainGroup = C89A71EA260347F2003E188F;
			productRefGroup = C89A71F4260347F2003E188F /* Products */;
			projectDirPath = "";
			projectRoot = "";
			targets = (
				C89A71F2260347F2003E188F /* UnsplashWallpapers */,
				C89A7208260347F6003E188F /* UnsplashWallpapersTests */,
				C89A7213260347F6003E188F /* UnsplashWallpapersUITests */,
			);
		};
/* End PBXProject section */

/* Begin PBXResourcesBuildPhase section */
		C89A71F1260347F2003E188F /* Resources */ = {
			isa = PBXResourcesBuildPhase;
			buildActionMask = 2147483647;
			files = (
				C89A7203260347F6003E188F /* LaunchScreen.storyboard in Resources */,
				C89A7200260347F6003E188F /* Assets.xcassets in Resources */,
			);
			runOnlyForDeploymentPostprocessing = 0;
		};
		C89A7207260347F6003E188F /* Resources */ = {
			isa = PBXResourcesBuildPhase;
			buildActionMask = 2147483647;
			files = (
			);
			runOnlyForDeploymentPostprocessing = 0;
		};
		C89A7212260347F6003E188F /* Resources */ = {
			isa = PBXResourcesBuildPhase;
			buildActionMask = 2147483647;
			files = (
			);
			runOnlyForDeploymentPostprocessing = 0;
		};
/* End PBXResourcesBuildPhase section */

/* Begin PBXSourcesBuildPhase section */
		C89A71EF260347F2003E188F /* Sources */ = {
			isa = PBXSourcesBuildPhase;
			buildActionMask = 2147483647;
			files = (
				C8D688EF2637A773008F8B4D /* PhotoInfo.swift in Sources */,
				C8AE36D9263901CC00AF57C4 /* UserProfileViewController.swift in Sources */,
				C8AE37102639693F00AF57C4 /* CollectionListViewController.swift in Sources */,
				C89A728E26034D20003E188F /* Position.swift in Sources */,
				C8D689172637BC1D008F8B4D /* SearchResultsTableView.swift in Sources */,
				C8AE36C02638F1BC00AF57C4 /* UnsplashCollectionRequest.swift in Sources */,
				C8AE36C52638F3D800AF57C4 /* CollectionResponse.swift in Sources */,
				C89A727A26034CA6003E188F /* Current_user_collections.swift in Sources */,
				C89A72C226035204003E188F /* URLSessionDataTaskProtocol.swift in Sources */,
				C89A72A226034D80003E188F /* SearchRespone.swift in Sources */,
				C89A727F26034CC5003E188F /* Exif.swift in Sources */,
				C8AE36D4263901AB00AF57C4 /* UserProfileViewModel.swift in Sources */,
				C8C91ECE26089543001EAA59 /* DetailView.swift in Sources */,
				C8AE370B2639692C00AF57C4 /* CollectionListViewModel.swift in Sources */,
				C8A8FD3C2631694600C38FAF /* FavoriteViewModel.swift in Sources */,
				C8BF2AC82636998400BE7C51 /* Total_current_user_submissions.swift in Sources */,
				C8D868802637F55F00FF672D /* UsersListCollectionViewCell.swift in Sources */,
				C89A72CE260352FC003E188F /* StaticURL.swift in Sources */,
				C8AE36EB26390C5300AF57C4 /* UserProfileHeaderView.swift in Sources */,
				C8AC4700263A50D500178411 /* UserCollectionRespone.swift in Sources */,
				C89A72BB26034DF3003E188F /* User.swift in Sources */,
				C89A725626034972003E188F /* PhotoListView.swift in Sources */,
				C8BF2ABB2636994500BE7C51 /* Current_user_contributions.swift in Sources */,
				C8A8FD412631695A00C38FAF /* Favorite.swift in Sources */,
				C89D68FA263F967000CA8617 /* AlbumItem.swift in Sources */,
				C8BF2AB1263696FF00BE7C51 /* Topic.swift in Sources */,
				C8AC4714263A8B6500178411 /* PhotoExifViewController.swift in Sources */,
				C89A727526034C89003E188F /* Cover_photo.swift in Sources */,
				C89D68EB263F95C100CA8617 /* AlbumsViewController.swift in Sources */,
				C8BF2AD52636B42C00BE7C51 /* SearchViewModel.swift in Sources */,
				C89D68F5263F95DB00CA8617 /* AlbumsViewModel.swift in Sources */,
				C8BF2ACD263699EE00BE7C51 /* Preview_Photos.swift in Sources */,
				C89D6913263FACD100CA8617 /* AlbumHeaderCollectionReusableView.swift in Sources */,
				C8AE36CF2639019800AF57C4 /* UserProfileView.swift in Sources */,
				C89A723D260348BD003E188F /* Coordinator.swift in Sources */,
				C8C91ED32608959A001EAA59 /* DetailViewModel.swift in Sources */,
				C8D689212637BC3A008F8B4D /* SearchResultsViewModel.swift in Sources */,
				C89A72D32603532E003E188F /* UnsplashService.swift in Sources */,
				C8BF2AB62636983900BE7C51 /* Owners.swift in Sources */,
				C89D6904263F978A00CA8617 /* FeaturedAlbumItemCell.swift in Sources */,
				C8AE36F52639107400AF57C4 /* ImageDownLoad.swift in Sources */,
				C89A726B26034C55003E188F /* Categories.swift in Sources */,
				C8D14B3C26423385000755BE /* ImageLoadOperation.swift in Sources */,
				C8C91EC926088F2C001EAA59 /* SearchViewController.swift in Sources */,
				C89A726626034C2C003E188F /* Ancestry.swift in Sources */,
				C8AE37062639690F00AF57C4 /* CollectionListView.swift in Sources */,
				C8AE36F026390D9600AF57C4 /* UserProfileInfo.swift in Sources */,
				C89A72B626034DE0003E188F /* Urls.swift in Sources */,
				C8AC470A263A825400178411 /* PhotoExifView.swift in Sources */,
				C89A72C92603521E003E188F /* EndPoint.swift in Sources */,
				C89A71FB260347F2003E188F /* ViewController.swift in Sources */,
				C8A8FD2D263168A000C38FAF /* FavoriteViewController.swift in Sources */,
				C89A71F7260347F2003E188F /* AppDelegate.swift in Sources */,
				C89D6932263FE7E500CA8617 /* AlbumPhotoItemCell.swift in Sources */,
				C8CA07BE26450A4E000FEB03 /* NetworkConnectivityManager.swift in Sources */,
				C8D689362637BF72008F8B4D /* SearchResultsHeaderView.swift in Sources */,
				C89A72B126034DCD003E188F /* Type.swift in Sources */,
				C852BDCF26142054002059F5 /* UnsplashSearchPagedRequest.swift in Sources */,
				C89A72C326035204003E188F /* NetworkManager.swift in Sources */,
				C8C91ED8260895B0001EAA59 /* DetailViewController.swift in Sources */,
				C89A72C426035204003E188F /* NetworkManager+Mock.swift in Sources */,
				C89A724726034929003E188F /* PhotoListViewModel.swift in Sources */,
				C89A729326034D38003E188F /* Profile_image.swift in Sources */,
				C8A8FD4626316CF300C38FAF /* FavoriteTableViewCell.swift in Sources */,
				C89A727026034C6C003E188F /* Category.swift in Sources */,
				C89D6909263F979A00CA8617 /* SharedAlbumItemCell.swift in Sources */,
				C89A72A726034D9D003E188F /* Source.swift in Sources */,
				C89A72352603489C003E188F /* ImageLoader.swift in Sources */,
				C8AE36CA2639005400AF57C4 /* UnsplashUserListRequest.swift in Sources */,
				C89D68FF263F977300CA8617 /* AlbumItemCell.swift in Sources */,
				C89A72AC26034DB0003E188F /* Tags.swift in Sources */,
				C89A72342603489C003E188F /* ImageCache.swift in Sources */,
				C89A728926034D03003E188F /* Location.swift in Sources */,
				C8BF2ADD2636B6E700BE7C51 /* SearchView.swift in Sources */,
				C8D6891C2637BC2B008F8B4D /* SearchResultsTableViewCell.swift in Sources */,
				C89A729826034D52003E188F /* Response.swift in Sources */,
				C8C91EC426088536001EAA59 /* UnsplashPageRequest.swift in Sources */,
				C8D6893B2637E2E8008F8B4D /* SearchResults.swift in Sources */,
				C8AC4705263A63BC00178411 /* UnsplashUserPhotoRequest.swift in Sources */,
				C89A72362603489C003E188F /* Observable.swift in Sources */,
				C89D68F0263F95CE00CA8617 /* AlbumsView.swift in Sources */,
				C89A72512603495E003E188F /* PhotoListCollectionViewCell.swift in Sources */,
				C89D690E263F9CF900CA8617 /* UnsplashAlbumsRequest.swift in Sources */,
				C8C91EBF260884F1001EAA59 /* Cursor.swift in Sources */,
				C8AE36FA2639138100AF57C4 /* ImageCombineDownloader.swift in Sources */,
				C89D6928263FE65C00CA8617 /* AlbumDetailView.swift in Sources */,
				C89A728426034CE1003E188F /* Links.swift in Sources */,
				C89A71F9260347F2003E188F /* SceneDelegate.swift in Sources */,
				C8A8FD32263168B200C38FAF /* FavoriteView.swift in Sources */,
				C89D692D263FE66E00CA8617 /* AlbumDetailViewModel.swift in Sources */,
				C8A8FD4B263175C200C38FAF /* FavoriteManager.swift in Sources */,
				C89A724C26034943003E188F /* PhotoListViewController.swift in Sources */,
				C89A7242260348EA003E188F /* MainCoordinator.swift in Sources */,
				C8A8FD582631777400C38FAF /* CodableUserDefault.swift in Sources */,
				C8BF2AAC263695ED00BE7C51 /* UnsplashTopicRequest.swift in Sources */,
				C89A723C260348BD003E188F /* AppCoordinator.swift in Sources */,
				C8AC471A263AB08A00178411 /* PhotoExifViewModel.swift in Sources */,
				C89D6923263FE64D00CA8617 /* AlbumDetailViewController.swift in Sources */,
				C8AC470F263A889A00178411 /* UnsplashPhotoInfo.swift in Sources */,
				C89A729D26034D6C003E188F /* Results.swift in Sources */,
			);
			runOnlyForDeploymentPostprocessing = 0;
		};
		C89A7205260347F6003E188F /* Sources */ = {
			isa = PBXSourcesBuildPhase;
			buildActionMask = 2147483647;
			files = (
				C89A720E260347F6003E188F /* UnsplashWallpapersTests.swift in Sources */,
			);
			runOnlyForDeploymentPostprocessing = 0;
		};
		C89A7210260347F6003E188F /* Sources */ = {
			isa = PBXSourcesBuildPhase;
			buildActionMask = 2147483647;
			files = (
				C89A7219260347F6003E188F /* UnsplashWallpapersUITests.swift in Sources */,
			);
			runOnlyForDeploymentPostprocessing = 0;
		};
/* End PBXSourcesBuildPhase section */

/* Begin PBXTargetDependency section */
		C89A720B260347F6003E188F /* PBXTargetDependency */ = {
			isa = PBXTargetDependency;
			target = C89A71F2260347F2003E188F /* UnsplashWallpapers */;
			targetProxy = C89A720A260347F6003E188F /* PBXContainerItemProxy */;
		};
		C89A7216260347F6003E188F /* PBXTargetDependency */ = {
			isa = PBXTargetDependency;
			target = C89A71F2260347F2003E188F /* UnsplashWallpapers */;
			targetProxy = C89A7215260347F6003E188F /* PBXContainerItemProxy */;
		};
/* End PBXTargetDependency section */

/* Begin PBXVariantGroup section */
		C89A7201260347F6003E188F /* LaunchScreen.storyboard */ = {
			isa = PBXVariantGroup;
			children = (
				C89A7202260347F6003E188F /* Base */,
			);
			name = LaunchScreen.storyboard;
			sourceTree = "<group>";
		};
/* End PBXVariantGroup section */

/* Begin XCBuildConfiguration section */
		C89A721B260347F6003E188F /* Debug */ = {
			isa = XCBuildConfiguration;
			buildSettings = {
				ALWAYS_SEARCH_USER_PATHS = NO;
				CLANG_ANALYZER_NONNULL = YES;
				CLANG_ANALYZER_NUMBER_OBJECT_CONVERSION = YES_AGGRESSIVE;
				CLANG_CXX_LANGUAGE_STANDARD = "gnu++14";
				CLANG_CXX_LIBRARY = "libc++";
				CLANG_ENABLE_MODULES = YES;
				CLANG_ENABLE_OBJC_ARC = YES;
				CLANG_ENABLE_OBJC_WEAK = YES;
				CLANG_WARN_BLOCK_CAPTURE_AUTORELEASING = YES;
				CLANG_WARN_BOOL_CONVERSION = YES;
				CLANG_WARN_COMMA = YES;
				CLANG_WARN_CONSTANT_CONVERSION = YES;
				CLANG_WARN_DEPRECATED_OBJC_IMPLEMENTATIONS = YES;
				CLANG_WARN_DIRECT_OBJC_ISA_USAGE = YES_ERROR;
				CLANG_WARN_DOCUMENTATION_COMMENTS = YES;
				CLANG_WARN_EMPTY_BODY = YES;
				CLANG_WARN_ENUM_CONVERSION = YES;
				CLANG_WARN_INFINITE_RECURSION = YES;
				CLANG_WARN_INT_CONVERSION = YES;
				CLANG_WARN_NON_LITERAL_NULL_CONVERSION = YES;
				CLANG_WARN_OBJC_IMPLICIT_RETAIN_SELF = YES;
				CLANG_WARN_OBJC_LITERAL_CONVERSION = YES;
				CLANG_WARN_OBJC_ROOT_CLASS = YES_ERROR;
				CLANG_WARN_QUOTED_INCLUDE_IN_FRAMEWORK_HEADER = YES;
				CLANG_WARN_RANGE_LOOP_ANALYSIS = YES;
				CLANG_WARN_STRICT_PROTOTYPES = YES;
				CLANG_WARN_SUSPICIOUS_MOVE = YES;
				CLANG_WARN_UNGUARDED_AVAILABILITY = YES_AGGRESSIVE;
				CLANG_WARN_UNREACHABLE_CODE = YES;
				CLANG_WARN__DUPLICATE_METHOD_MATCH = YES;
				COPY_PHASE_STRIP = NO;
				DEBUG_INFORMATION_FORMAT = dwarf;
				ENABLE_STRICT_OBJC_MSGSEND = YES;
				ENABLE_TESTABILITY = YES;
				GCC_C_LANGUAGE_STANDARD = gnu11;
				GCC_DYNAMIC_NO_PIC = NO;
				GCC_NO_COMMON_BLOCKS = YES;
				GCC_OPTIMIZATION_LEVEL = 0;
				GCC_PREPROCESSOR_DEFINITIONS = (
					"DEBUG=1",
					"$(inherited)",
				);
				GCC_WARN_64_TO_32_BIT_CONVERSION = YES;
				GCC_WARN_ABOUT_RETURN_TYPE = YES_ERROR;
				GCC_WARN_UNDECLARED_SELECTOR = YES;
				GCC_WARN_UNINITIALIZED_AUTOS = YES_AGGRESSIVE;
				GCC_WARN_UNUSED_FUNCTION = YES;
				GCC_WARN_UNUSED_VARIABLE = YES;
				IPHONEOS_DEPLOYMENT_TARGET = 14.4;
				MTL_ENABLE_DEBUG_INFO = INCLUDE_SOURCE;
				MTL_FAST_MATH = YES;
				ONLY_ACTIVE_ARCH = YES;
				SDKROOT = iphoneos;
				SWIFT_ACTIVE_COMPILATION_CONDITIONS = DEBUG;
				SWIFT_OPTIMIZATION_LEVEL = "-Onone";
			};
			name = Debug;
		};
		C89A721C260347F6003E188F /* Release */ = {
			isa = XCBuildConfiguration;
			buildSettings = {
				ALWAYS_SEARCH_USER_PATHS = NO;
				CLANG_ANALYZER_NONNULL = YES;
				CLANG_ANALYZER_NUMBER_OBJECT_CONVERSION = YES_AGGRESSIVE;
				CLANG_CXX_LANGUAGE_STANDARD = "gnu++14";
				CLANG_CXX_LIBRARY = "libc++";
				CLANG_ENABLE_MODULES = YES;
				CLANG_ENABLE_OBJC_ARC = YES;
				CLANG_ENABLE_OBJC_WEAK = YES;
				CLANG_WARN_BLOCK_CAPTURE_AUTORELEASING = YES;
				CLANG_WARN_BOOL_CONVERSION = YES;
				CLANG_WARN_COMMA = YES;
				CLANG_WARN_CONSTANT_CONVERSION = YES;
				CLANG_WARN_DEPRECATED_OBJC_IMPLEMENTATIONS = YES;
				CLANG_WARN_DIRECT_OBJC_ISA_USAGE = YES_ERROR;
				CLANG_WARN_DOCUMENTATION_COMMENTS = YES;
				CLANG_WARN_EMPTY_BODY = YES;
				CLANG_WARN_ENUM_CONVERSION = YES;
				CLANG_WARN_INFINITE_RECURSION = YES;
				CLANG_WARN_INT_CONVERSION = YES;
				CLANG_WARN_NON_LITERAL_NULL_CONVERSION = YES;
				CLANG_WARN_OBJC_IMPLICIT_RETAIN_SELF = YES;
				CLANG_WARN_OBJC_LITERAL_CONVERSION = YES;
				CLANG_WARN_OBJC_ROOT_CLASS = YES_ERROR;
				CLANG_WARN_QUOTED_INCLUDE_IN_FRAMEWORK_HEADER = YES;
				CLANG_WARN_RANGE_LOOP_ANALYSIS = YES;
				CLANG_WARN_STRICT_PROTOTYPES = YES;
				CLANG_WARN_SUSPICIOUS_MOVE = YES;
				CLANG_WARN_UNGUARDED_AVAILABILITY = YES_AGGRESSIVE;
				CLANG_WARN_UNREACHABLE_CODE = YES;
				CLANG_WARN__DUPLICATE_METHOD_MATCH = YES;
				COPY_PHASE_STRIP = NO;
				DEBUG_INFORMATION_FORMAT = "dwarf-with-dsym";
				ENABLE_NS_ASSERTIONS = NO;
				ENABLE_STRICT_OBJC_MSGSEND = YES;
				GCC_C_LANGUAGE_STANDARD = gnu11;
				GCC_NO_COMMON_BLOCKS = YES;
				GCC_WARN_64_TO_32_BIT_CONVERSION = YES;
				GCC_WARN_ABOUT_RETURN_TYPE = YES_ERROR;
				GCC_WARN_UNDECLARED_SELECTOR = YES;
				GCC_WARN_UNINITIALIZED_AUTOS = YES_AGGRESSIVE;
				GCC_WARN_UNUSED_FUNCTION = YES;
				GCC_WARN_UNUSED_VARIABLE = YES;
				IPHONEOS_DEPLOYMENT_TARGET = 14.4;
				MTL_ENABLE_DEBUG_INFO = NO;
				MTL_FAST_MATH = YES;
				SDKROOT = iphoneos;
				SWIFT_COMPILATION_MODE = wholemodule;
				SWIFT_OPTIMIZATION_LEVEL = "-O";
				VALIDATE_PRODUCT = YES;
			};
			name = Release;
		};
		C89A721E260347F6003E188F /* Debug */ = {
			isa = XCBuildConfiguration;
			buildSettings = {
				ASSETCATALOG_COMPILER_APPICON_NAME = AppIcon;
				ASSETCATALOG_COMPILER_GLOBAL_ACCENT_COLOR_NAME = AccentColor;
				CODE_SIGN_STYLE = Automatic;
				DEVELOPMENT_TEAM = 6AH3KD253Z;
				INFOPLIST_FILE = UnsplashWallpapers/Info.plist;
				IPHONEOS_DEPLOYMENT_TARGET = 14.1;
				LD_RUNPATH_SEARCH_PATHS = (
					"$(inherited)",
					"@executable_path/Frameworks",
				);
				PRODUCT_BUNDLE_IDENTIFIER = william.UnsplashWallpapers;
				PRODUCT_NAME = "$(TARGET_NAME)";
				SWIFT_VERSION = 5.0;
				TARGETED_DEVICE_FAMILY = "1,2";
			};
			name = Debug;
		};
		C89A721F260347F6003E188F /* Release */ = {
			isa = XCBuildConfiguration;
			buildSettings = {
				ASSETCATALOG_COMPILER_APPICON_NAME = AppIcon;
				ASSETCATALOG_COMPILER_GLOBAL_ACCENT_COLOR_NAME = AccentColor;
				CODE_SIGN_STYLE = Automatic;
				DEVELOPMENT_TEAM = 6AH3KD253Z;
				INFOPLIST_FILE = UnsplashWallpapers/Info.plist;
				IPHONEOS_DEPLOYMENT_TARGET = 14.1;
				LD_RUNPATH_SEARCH_PATHS = (
					"$(inherited)",
					"@executable_path/Frameworks",
				);
				PRODUCT_BUNDLE_IDENTIFIER = william.UnsplashWallpapers;
				PRODUCT_NAME = "$(TARGET_NAME)";
				SWIFT_VERSION = 5.0;
				TARGETED_DEVICE_FAMILY = "1,2";
			};
			name = Release;
		};
		C89A7221260347F6003E188F /* Debug */ = {
			isa = XCBuildConfiguration;
			buildSettings = {
				ALWAYS_EMBED_SWIFT_STANDARD_LIBRARIES = YES;
				BUNDLE_LOADER = "$(TEST_HOST)";
				CODE_SIGN_STYLE = Automatic;
				INFOPLIST_FILE = UnsplashWallpapersTests/Info.plist;
				IPHONEOS_DEPLOYMENT_TARGET = 14.4;
				LD_RUNPATH_SEARCH_PATHS = (
					"$(inherited)",
					"@executable_path/Frameworks",
					"@loader_path/Frameworks",
				);
				PRODUCT_BUNDLE_IDENTIFIER = william.UnsplashWallpapersTests;
				PRODUCT_NAME = "$(TARGET_NAME)";
				SWIFT_VERSION = 5.0;
				TARGETED_DEVICE_FAMILY = "1,2";
				TEST_HOST = "$(BUILT_PRODUCTS_DIR)/UnsplashWallpapers.app/UnsplashWallpapers";
			};
			name = Debug;
		};
		C89A7222260347F6003E188F /* Release */ = {
			isa = XCBuildConfiguration;
			buildSettings = {
				ALWAYS_EMBED_SWIFT_STANDARD_LIBRARIES = YES;
				BUNDLE_LOADER = "$(TEST_HOST)";
				CODE_SIGN_STYLE = Automatic;
				INFOPLIST_FILE = UnsplashWallpapersTests/Info.plist;
				IPHONEOS_DEPLOYMENT_TARGET = 14.4;
				LD_RUNPATH_SEARCH_PATHS = (
					"$(inherited)",
					"@executable_path/Frameworks",
					"@loader_path/Frameworks",
				);
				PRODUCT_BUNDLE_IDENTIFIER = william.UnsplashWallpapersTests;
				PRODUCT_NAME = "$(TARGET_NAME)";
				SWIFT_VERSION = 5.0;
				TARGETED_DEVICE_FAMILY = "1,2";
				TEST_HOST = "$(BUILT_PRODUCTS_DIR)/UnsplashWallpapers.app/UnsplashWallpapers";
			};
			name = Release;
		};
		C89A7224260347F6003E188F /* Debug */ = {
			isa = XCBuildConfiguration;
			buildSettings = {
				ALWAYS_EMBED_SWIFT_STANDARD_LIBRARIES = YES;
				CODE_SIGN_STYLE = Automatic;
				INFOPLIST_FILE = UnsplashWallpapersUITests/Info.plist;
				LD_RUNPATH_SEARCH_PATHS = (
					"$(inherited)",
					"@executable_path/Frameworks",
					"@loader_path/Frameworks",
				);
				PRODUCT_BUNDLE_IDENTIFIER = william.UnsplashWallpapersUITests;
				PRODUCT_NAME = "$(TARGET_NAME)";
				SWIFT_VERSION = 5.0;
				TARGETED_DEVICE_FAMILY = "1,2";
				TEST_TARGET_NAME = UnsplashWallpapers;
			};
			name = Debug;
		};
		C89A7225260347F6003E188F /* Release */ = {
			isa = XCBuildConfiguration;
			buildSettings = {
				ALWAYS_EMBED_SWIFT_STANDARD_LIBRARIES = YES;
				CODE_SIGN_STYLE = Automatic;
				INFOPLIST_FILE = UnsplashWallpapersUITests/Info.plist;
				LD_RUNPATH_SEARCH_PATHS = (
					"$(inherited)",
					"@executable_path/Frameworks",
					"@loader_path/Frameworks",
				);
				PRODUCT_BUNDLE_IDENTIFIER = william.UnsplashWallpapersUITests;
				PRODUCT_NAME = "$(TARGET_NAME)";
				SWIFT_VERSION = 5.0;
				TARGETED_DEVICE_FAMILY = "1,2";
				TEST_TARGET_NAME = UnsplashWallpapers;
			};
			name = Release;
		};
/* End XCBuildConfiguration section */

/* Begin XCConfigurationList section */
		C89A71EE260347F2003E188F /* Build configuration list for PBXProject "UnsplashWallpapers" */ = {
			isa = XCConfigurationList;
			buildConfigurations = (
				C89A721B260347F6003E188F /* Debug */,
				C89A721C260347F6003E188F /* Release */,
			);
			defaultConfigurationIsVisible = 0;
			defaultConfigurationName = Release;
		};
		C89A721D260347F6003E188F /* Build configuration list for PBXNativeTarget "UnsplashWallpapers" */ = {
			isa = XCConfigurationList;
			buildConfigurations = (
				C89A721E260347F6003E188F /* Debug */,
				C89A721F260347F6003E188F /* Release */,
			);
			defaultConfigurationIsVisible = 0;
			defaultConfigurationName = Release;
		};
		C89A7220260347F6003E188F /* Build configuration list for PBXNativeTarget "UnsplashWallpapersTests" */ = {
			isa = XCConfigurationList;
			buildConfigurations = (
				C89A7221260347F6003E188F /* Debug */,
				C89A7222260347F6003E188F /* Release */,
			);
			defaultConfigurationIsVisible = 0;
			defaultConfigurationName = Release;
		};
		C89A7223260347F6003E188F /* Build configuration list for PBXNativeTarget "UnsplashWallpapersUITests" */ = {
			isa = XCConfigurationList;
			buildConfigurations = (
				C89A7224260347F6003E188F /* Debug */,
				C89A7225260347F6003E188F /* Release */,
			);
			defaultConfigurationIsVisible = 0;
			defaultConfigurationName = Release;
		};
/* End XCConfigurationList section */
	};
	rootObject = C89A71EB260347F2003E188F /* Project object */;
}
